
Microsoft Visual Studio Solution File, Format Version 12.00
# Visual Studio Version 17
VisualStudioVersion = 17.6.33723.286
MinimumVisualStudioVersion = 10.0.40219.1
Project("{8BC9CEB8-8B4A-11D0-8D11-00A0C91BC942}") = "23.06.19", "23.06.19\23.06.19.vcxproj", "{06535843-7F81-4559-A63A-C6602D9679A1}"
EndProject
Global
	GlobalSection(SolutionConfigurationPlatforms) = preSolution
		Debug|x64 = Debug|x64
		Debug|x86 = Debug|x86
		Release|x64 = Release|x64
		Release|x86 = Release|x86
	EndGlobalSection
	GlobalSection(ProjectConfigurationPlatforms) = postSolution
		{06535843-7F81-4559-A63A-C6602D9679A1}.Debug|x64.ActiveCfg = Debug|x64
		{06535843-7F81-4559-A63A-C6602D9679A1}.Debug|x64.Build.0 = Debug|x64
		{06535843-7F81-4559-A63A-C6602D9679A1}.Debug|x86.ActiveCfg = Debug|Win32
		{06535843-7F81-4559-A63A-C6602D9679A1}.Debug|x86.Build.0 = Debug|Win32
		{06535843-7F81-4559-A63A-C6602D9679A1}.Release|x64.ActiveCfg = Release|x64
		{06535843-7F81-4559-A63A-C6602D9679A1}.Release|x64.Build.0 = Release|x64
		{06535843-7F81-4559-A63A-C6602D9679A1}.Release|x86.ActiveCfg = Release|Win32
		{06535843-7F81-4559-A63A-C6602D9679A1}.Release|x86.Build.0 = Release|Win32
	EndGlobalSection
	GlobalSection(SolutionProperties) = preSolution
		HideSolutionNode = FALSE
	EndGlobalSection
	GlobalSection(ExtensibilityGlobals) = postSolution
		SolutionGuid = {9C6A13D1-6656-4B9F-BC0B-D8A2622250C1}
	EndGlobalSection
EndGlobal
